
Microsoft Visual Studio Solution File, Format Version 12.00
Project("{FAE04EC0-301F-11D3-BF4B-00C04F79EFBC}") = "semester3", "semester3\semester3.csproj", "{1B5891C9-F770-4B3C-A6C3-91E3B9BE7082}"
EndProject
Global
	GlobalSection(SolutionConfigurationPlatforms) = preSolution
		Debug|Any CPU = Debug|Any CPU
		Release|Any CPU = Release|Any CPU
	EndGlobalSection
	GlobalSection(ProjectConfigurationPlatforms) = postSolution
		{1B5891C9-F770-4B3C-A6C3-91E3B9BE7082}.Debug|Any CPU.ActiveCfg = Debug|Any CPU
		{1B5891C9-F770-4B3C-A6C3-91E3B9BE7082}.Debug|Any CPU.Build.0 = Debug|Any CPU
		{1B5891C9-F770-4B3C-A6C3-91E3B9BE7082}.Release|Any CPU.ActiveCfg = Release|Any CPU
		{1B5891C9-F770-4B3C-A6C3-91E3B9BE7082}.Release|Any CPU.Build.0 = Release|Any CPU
	EndGlobalSection
EndGlobal
